
Microsoft Visual Studio Solution File, Format Version 12.00
# Visual Studio Version 16
VisualStudioVersion = 16.0.32802.440
MinimumVisualStudioVersion = 10.0.40219.1
Project("{FAE04EC0-301F-11D3-BF4B-00C04F79EFBC}") = "Program", "Program.csproj", "{A3FBCCE2-6F2C-440A-B4BC-CAF44B28C34D}"
EndProject
Global
	GlobalSection(SolutionConfigurationPlatforms) = preSolution
		Debug|Any CPU = Debug|Any CPU
		Release|Any CPU = Release|Any CPU
	EndGlobalSection
	GlobalSection(ProjectConfigurationPlatforms) = postSolution
		{A3FBCCE2-6F2C-440A-B4BC-CAF44B28C34D}.Debug|Any CPU.ActiveCfg = Debug|Any CPU
		{A3FBCCE2-6F2C-440A-B4BC-CAF44B28C34D}.Debug|Any CPU.Build.0 = Debug|Any CPU
		{A3FBCCE2-6F2C-440A-B4BC-CAF44B28C34D}.Release|Any CPU.ActiveCfg = Release|Any CPU
		{A3FBCCE2-6F2C-440A-B4BC-CAF44B28C34D}.Release|Any CPU.Build.0 = Release|Any CPU
	EndGlobalSection
	GlobalSection(SolutionProperties) = preSolution
		HideSolutionNode = FALSE
	EndGlobalSection
	GlobalSection(ExtensibilityGlobals) = postSolution
		SolutionGuid = {647C5804-DB3E-4083-8113-06243115167C}
	EndGlobalSection
EndGlobal
